// !$*UTF8*$!
{
	archiveVersion = 1;
	classes = {
	};
	objectVersion = 55;
	objects = {

/* Begin PBXBuildFile section */
		A3DC9BC924A121A6F5425497 /* Pods_ExPhotoSlider.framework in Frameworks */ = {isa = PBXBuildFile; fileRef = E6EA25588FC51AF57DF0CE45 /* Pods_ExPhotoSlider.framework */; };
		C6CA84172768C28E004640F3 /* AppDelegate.swift in Sources */ = {isa = PBXBuildFile; fileRef = C6CA84162768C28E004640F3 /* AppDelegate.swift */; };
		C6CA84192768C28E004640F3 /* SceneDelegate.swift in Sources */ = {isa = PBXBuildFile; fileRef = C6CA84182768C28E004640F3 /* SceneDelegate.swift */; };
		C6CA84202768C290004640F3 /* Assets.xcassets in Resources */ = {isa = PBXBuildFile; fileRef = C6CA841F2768C290004640F3 /* Assets.xcassets */; };
		C6CA84232768C290004640F3 /* LaunchScreen.storyboard in Resources */ = {isa = PBXBuildFile; fileRef = C6CA84212768C290004640F3 /* LaunchScreen.storyboard */; };
		C6CA84312768C2D5004640F3 /* RandomImageProducer.swift in Sources */ = {isa = PBXBuildFile; fileRef = C6CA842F2768C2D5004640F3 /* RandomImageProducer.swift */; };
		C6CA84322768C2D5004640F3 /* UIColor+image.swift in Sources */ = {isa = PBXBuildFile; fileRef = C6CA84302768C2D5004640F3 /* UIColor+image.swift */; };
		C6CA84342768C2E1004640F3 /* ImageCollectionViewCell.swift in Sources */ = {isa = PBXBuildFile; fileRef = C6CA84332768C2E1004640F3 /* ImageCollectionViewCell.swift */; };
		C6CA84362768C2E7004640F3 /* ImageViewController.swift in Sources */ = {isa = PBXBuildFile; fileRef = C6CA84352768C2E7004640F3 /* ImageViewController.swift */; };
		C6D6EB572768C50600A88721 /* ImageSection.swift in Sources */ = {isa = PBXBuildFile; fileRef = C6D6EB562768C50600A88721 /* ImageSection.swift */; };
		C6D6EB592768C51000A88721 /* Image.swift in Sources */ = {isa = PBXBuildFile; fileRef = C6D6EB582768C51000A88721 /* Image.swift */; };
		C6D6EB5B2768C5B000A88721 /* ModelType.swift in Sources */ = {isa = PBXBuildFile; fileRef = C6D6EB5A2768C5B000A88721 /* ModelType.swift */; };
/* End PBXBuildFile section */

/* Begin PBXFileReference section */
		A3CD769AEFDBAB711099AFD8 /* Pods-ExPhotoSlider.release.xcconfig */ = {isa = PBXFileReference; includeInIndex = 1; lastKnownFileType = text.xcconfig; name = "Pods-ExPhotoSlider.release.xcconfig"; path = "Target Support Files/Pods-ExPhotoSlider/Pods-ExPhotoSlider.release.xcconfig"; sourceTree = "<group>"; };
		C4ADACB469CFDEA986C6D86C /* Pods-ExPhotoSlider.debug.xcconfig */ = {isa = PBXFileReference; includeInIndex = 1; lastKnownFileType = text.xcconfig; name = "Pods-ExPhotoSlider.debug.xcconfig"; path = "Target Support Files/Pods-ExPhotoSlider/Pods-ExPhotoSlider.debug.xcconfig"; sourceTree = "<group>"; };
		C6CA84132768C28E004640F3 /* ExPhotoSlider.app */ = {isa = PBXFileReference; explicitFileType = wrapper.application; includeInIndex = 0; path = ExPhotoSlider.app; sourceTree = BUILT_PRODUCTS_DIR; };
		C6CA84162768C28E004640F3 /* AppDelegate.swift */ = {isa = PBXFileReference; lastKnownFileType = sourcecode.swift; path = AppDelegate.swift; sourceTree = "<group>"; };
		C6CA84182768C28E004640F3 /* SceneDelegate.swift */ = {isa = PBXFileReference; lastKnownFileType = sourcecode.swift; path = SceneDelegate.swift; sourceTree = "<group>"; };
		C6CA841F2768C290004640F3 /* Assets.xcassets */ = {isa = PBXFileReference; lastKnownFileType = folder.assetcatalog; path = Assets.xcassets; sourceTree = "<group>"; };
		C6CA84222768C290004640F3 /* Base */ = {isa = PBXFileReference; lastKnownFileType = file.storyboard; name = Base; path = Base.lproj/LaunchScreen.storyboard; sourceTree = "<group>"; };
		C6CA84242768C290004640F3 /* Info.plist */ = {isa = PBXFileReference; lastKnownFileType = text.plist.xml; path = Info.plist; sourceTree = "<group>"; };
		C6CA842F2768C2D5004640F3 /* RandomImageProducer.swift */ = {isa = PBXFileReference; fileEncoding = 4; lastKnownFileType = sourcecode.swift; path = RandomImageProducer.swift; sourceTree = "<group>"; };
		C6CA84302768C2D5004640F3 /* UIColor+image.swift */ = {isa = PBXFileReference; fileEncoding = 4; lastKnownFileType = sourcecode.swift; path = "UIColor+image.swift"; sourceTree = "<group>"; };
		C6CA84332768C2E1004640F3 /* ImageCollectionViewCell.swift */ = {isa = PBXFileReference; fileEncoding = 4; lastKnownFileType = sourcecode.swift; path = ImageCollectionViewCell.swift; sourceTree = "<group>"; };
		C6CA84352768C2E7004640F3 /* ImageViewController.swift */ = {isa = PBXFileReference; fileEncoding = 4; lastKnownFileType = sourcecode.swift; path = ImageViewController.swift; sourceTree = "<group>"; };
		C6D6EB562768C50600A88721 /* ImageSection.swift */ = {isa = PBXFileReference; lastKnownFileType = sourcecode.swift; path = ImageSection.swift; sourceTree = "<group>"; };
		C6D6EB582768C51000A88721 /* Image.swift */ = {isa = PBXFileReference; lastKnownFileType = sourcecode.swift; path = Image.swift; sourceTree = "<group>"; };
		C6D6EB5A2768C5B000A88721 /* ModelType.swift */ = {isa = PBXFileReference; lastKnownFileType = sourcecode.swift; path = ModelType.swift; sourceTree = "<group>"; };
		E6EA25588FC51AF57DF0CE45 /* Pods_ExPhotoSlider.framework */ = {isa = PBXFileReference; explicitFileType = wrapper.framework; includeInIndex = 0; path = Pods_ExPhotoSlider.framework; sourceTree = BUILT_PRODUCTS_DIR; };
/* End PBXFileReference section */

/* Begin PBXFrameworksBuildPhase section */
		C6CA84102768C28E004640F3 /* Frameworks */ = {
			isa = PBXFrameworksBuildPhase;
			buildActionMask = 2147483647;
			files = (
				A3DC9BC924A121A6F5425497 /* Pods_ExPhotoSlider.framework in Frameworks */,
			);
			runOnlyForDeploymentPostprocessing = 0;
		};
/* End PBXFrameworksBuildPhase section */

/* Begin PBXGroup section */
		3EBA807757BD4757A8F2CD49 /* Pods */ = {
			isa = PBXGroup;
			children = (
				C4ADACB469CFDEA986C6D86C /* Pods-ExPhotoSlider.debug.xcconfig */,
				A3CD769AEFDBAB711099AFD8 /* Pods-ExPhotoSlider.release.xcconfig */,
			);
			path = Pods;
			sourceTree = "<group>";
		};
		C6CA840A2768C28E004640F3 = {
			isa = PBXGroup;
			children = (
				C6CA84152768C28E004640F3 /* ExPhotoSlider */,
				C6CA84142768C28E004640F3 /* Products */,
				3EBA807757BD4757A8F2CD49 /* Pods */,
				CF45CCA2DA1BAE9F8FD1CF66 /* Frameworks */,
			);
			sourceTree = "<group>";
		};
		C6CA84142768C28E004640F3 /* Products */ = {
			isa = PBXGroup;
			children = (
				C6CA84132768C28E004640F3 /* ExPhotoSlider.app */,
			);
			name = Products;
			sourceTree = "<group>";
		};
		C6CA84152768C28E004640F3 /* ExPhotoSlider */ = {
			isa = PBXGroup;
			children = (
				C6CA842C2768C295004640F3 /* Model */,
				C6CA842B2768C294004640F3 /* View */,
				C6CA842A2768C292004640F3 /* Controller */,
				C6CA842D2768C29F004640F3 /* Util */,
				C6CA84162768C28E004640F3 /* AppDelegate.swift */,
				C6CA84182768C28E004640F3 /* SceneDelegate.swift */,
				C6CA841F2768C290004640F3 /* Assets.xcassets */,
				C6CA84212768C290004640F3 /* LaunchScreen.storyboard */,
				C6CA84242768C290004640F3 /* Info.plist */,
			);
			path = ExPhotoSlider;
			sourceTree = "<group>";
		};
		C6CA842A2768C292004640F3 /* Controller */ = {
			isa = PBXGroup;
			children = (
				C6CA84352768C2E7004640F3 /* ImageViewController.swift */,
			);
			path = Controller;
			sourceTree = "<group>";
		};
		C6CA842B2768C294004640F3 /* View */ = {
			isa = PBXGroup;
			children = (
				C6CA84332768C2E1004640F3 /* ImageCollectionViewCell.swift */,
			);
			path = View;
			sourceTree = "<group>";
		};
		C6CA842C2768C295004640F3 /* Model */ = {
			isa = PBXGroup;
			children = (
				C6D6EB552768C4FC00A88721 /* Section */,
				C6D6EB582768C51000A88721 /* Image.swift */,
				C6D6EB5A2768C5B000A88721 /* ModelType.swift */,
			);
			path = Model;
			sourceTree = "<group>";
		};
		C6CA842D2768C29F004640F3 /* Util */ = {
			isa = PBXGroup;
			children = (
				C6CA842F2768C2D5004640F3 /* RandomImageProducer.swift */,
				C6CA84302768C2D5004640F3 /* UIColor+image.swift */,
			);
			path = Util;
			sourceTree = "<group>";
		};
		C6D6EB552768C4FC00A88721 /* Section */ = {
			isa = PBXGroup;
			children = (
				C6D6EB562768C50600A88721 /* ImageSection.swift */,
			);
			path = Section;
			sourceTree = "<group>";
		};
		CF45CCA2DA1BAE9F8FD1CF66 /* Frameworks */ = {
			isa = PBXGroup;
			children = (
				E6EA25588FC51AF57DF0CE45 /* Pods_ExPhotoSlider.framework */,
			);
			name = Frameworks;
			sourceTree = "<group>";
		};
/* End PBXGroup section */

/* Begin PBXNativeTarget section */
		C6CA84122768C28E004640F3 /* ExPhotoSlider */ = {
			isa = PBXNativeTarget;
			buildConfigurationList = C6CA84272768C290004640F3 /* Build configuration list for PBXNativeTarget "ExPhotoSlider" */;
			buildPhases = (
				E3152EBEE0256132B4479691 /* [CP] Check Pods Manifest.lock */,
				C6CA840F2768C28E004640F3 /* Sources */,
				C6CA84102768C28E004640F3 /* Frameworks */,
				C6CA84112768C28E004640F3 /* Resources */,
				2CE15A7D1CD5325715AF2EDE /* [CP] Embed Pods Frameworks */,
			);
			buildRules = (
			);
			dependencies = (
			);
			name = ExPhotoSlider;
			productName = ExPhotoSlider;
			productReference = C6CA84132768C28E004640F3 /* ExPhotoSlider.app */;
			productType = "com.apple.product-type.application";
		};
/* End PBXNativeTarget section */

/* Begin PBXProject section */
		C6CA840B2768C28E004640F3 /* Project object */ = {
			isa = PBXProject;
			attributes = {
				BuildIndependentTargetsInParallel = 1;
				LastSwiftUpdateCheck = 1310;
				LastUpgradeCheck = 1310;
				TargetAttributes = {
					C6CA84122768C28E004640F3 = {
						CreatedOnToolsVersion = 13.1;
					};
				};
			};
			buildConfigurationList = C6CA840E2768C28E004640F3 /* Build configuration list for PBXProject "ExPhotoSlider" */;
			compatibilityVersion = "Xcode 13.0";
			developmentRegion = en;
			hasScannedForEncodings = 0;
			knownRegions = (
				en,
				Base,
			);
			mainGroup = C6CA840A2768C28E004640F3;
			productRefGroup = C6CA84142768C28E004640F3 /* Products */;
			projectDirPath = "";
			projectRoot = "";
			targets = (
				C6CA84122768C28E004640F3 /* ExPhotoSlider */,
			);
		};
/* End PBXProject section */

/* Begin PBXResourcesBuildPhase section */
		C6CA84112768C28E004640F3 /* Resources */ = {
			isa = PBXResourcesBuildPhase;
			buildActionMask = 2147483647;
			files = (
				C6CA84232768C290004640F3 /* LaunchScreen.storyboard in Resources */,
				C6CA84202768C290004640F3 /* Assets.xcassets in Resources */,
			);
			runOnlyForDeploymentPostprocessing = 0;
		};
/* End PBXResourcesBuildPhase section */

/* Begin PBXShellScriptBuildPhase section */
		2CE15A7D1CD5325715AF2EDE /* [CP] Embed Pods Frameworks */ = {
			isa = PBXShellScriptBuildPhase;
			buildActionMask = 2147483647;
			files = (
			);
			inputFileListPaths = (
				"${PODS_ROOT}/Target Support Files/Pods-ExPhotoSlider/Pods-ExPhotoSlider-frameworks-${CONFIGURATION}-input-files.xcfilelist",
			);
			name = "[CP] Embed Pods Frameworks";
			outputFileListPaths = (
				"${PODS_ROOT}/Target Support Files/Pods-ExPhotoSlider/Pods-ExPhotoSlider-frameworks-${CONFIGURATION}-output-files.xcfilelist",
			);
			runOnlyForDeploymentPostprocessing = 0;
			shellPath = /bin/sh;
			shellScript = "\"${PODS_ROOT}/Target Support Files/Pods-ExPhotoSlider/Pods-ExPhotoSlider-frameworks.sh\"\n";
			showEnvVarsInLog = 0;
		};
		E3152EBEE0256132B4479691 /* [CP] Check Pods Manifest.lock */ = {
			isa = PBXShellScriptBuildPhase;
			buildActionMask = 2147483647;
			files = (
			);
			inputFileListPaths = (
			);
			inputPaths = (
				"${PODS_PODFILE_DIR_PATH}/Podfile.lock",
				"${PODS_ROOT}/Manifest.lock",
			);
			name = "[CP] Check Pods Manifest.lock";
			outputFileListPaths = (
			);
			outputPaths = (
				"$(DERIVED_FILE_DIR)/Pods-ExPhotoSlider-checkManifestLockResult.txt",
			);
			runOnlyForDeploymentPostprocessing = 0;
			shellPath = /bin/sh;
			shellScript = "diff \"${PODS_PODFILE_DIR_PATH}/Podfile.lock\" \"${PODS_ROOT}/Manifest.lock\" > /dev/null\nif [ $? != 0 ] ; then\n    # print error to STDERR\n    echo \"error: The sandbox is not in sync with the Podfile.lock. Run 'pod install' or update your CocoaPods installation.\" >&2\n    exit 1\nfi\n# This output is used by Xcode 'outputs' to avoid re-running this script phase.\necho \"SUCCESS\" > \"${SCRIPT_OUTPUT_FILE_0}\"\n";
			showEnvVarsInLog = 0;
		};
/* End PBXShellScriptBuildPhase section */

/* Begin PBXSourcesBuildPhase section */
		C6CA840F2768C28E004640F3 /* Sources */ = {
			isa = PBXSourcesBuildPhase;
			buildActionMask = 2147483647;
			files = (
				C6CA84312768C2D5004640F3 /* RandomImageProducer.swift in Sources */,
				C6CA84172768C28E004640F3 /* AppDelegate.swift in Sources */,
				C6CA84322768C2D5004640F3 /* UIColor+image.swift in Sources */,
				C6CA84362768C2E7004640F3 /* ImageViewController.swift in Sources */,
				C6D6EB5B2768C5B000A88721 /* ModelType.swift in Sources */,
				C6D6EB592768C51000A88721 /* Image.swift in Sources */,
				C6CA84192768C28E004640F3 /* SceneDelegate.swift in Sources */,
				C6CA84342768C2E1004640F3 /* ImageCollectionViewCell.swift in Sources */,
				C6D6EB572768C50600A88721 /* ImageSection.swift in Sources */,
			);
			runOnlyForDeploymentPostprocessing = 0;
		};
/* End PBXSourcesBuildPhase section */

/* Begin PBXVariantGroup section */
		C6CA84212768C290004640F3 /* LaunchScreen.storyboard */ = {
			isa = PBXVariantGroup;
			children = (
				C6CA84222768C290004640F3 /* Base */,
			);
			name = LaunchScreen.storyboard;
			sourceTree = "<group>";
		};
/* End PBXVariantGroup section */

/* Begin XCBuildConfiguration section */
		C6CA84252768C290004640F3 /* Debug */ = {
			isa = XCBuildConfiguration;
			buildSettings = {
				ALWAYS_SEARCH_USER_PATHS = NO;
				CLANG_ANALYZER_NONNULL = YES;
				CLANG_ANALYZER_NUMBER_OBJECT_CONVERSION = YES_AGGRESSIVE;
				CLANG_CXX_LANGUAGE_STANDARD = "gnu++17";
				CLANG_CXX_LIBRARY = "libc++";
				CLANG_ENABLE_MODULES = YES;
				CLANG_ENABLE_OBJC_ARC = YES;
				CLANG_ENABLE_OBJC_WEAK = YES;
				CLANG_WARN_BLOCK_CAPTURE_AUTORELEASING = YES;
				CLANG_WARN_BOOL_CONVERSION = YES;
				CLANG_WARN_COMMA = YES;
				CLANG_WARN_CONSTANT_CONVERSION = YES;
				CLANG_WARN_DEPRECATED_OBJC_IMPLEMENTATIONS = YES;
				CLANG_WARN_DIRECT_OBJC_ISA_USAGE = YES_ERROR;
				CLANG_WARN_DOCUMENTATION_COMMENTS = YES;
				CLANG_WARN_EMPTY_BODY = YES;
				CLANG_WARN_ENUM_CONVERSION = YES;
				CLANG_WARN_INFINITE_RECURSION = YES;
				CLANG_WARN_INT_CONVERSION = YES;
				CLANG_WARN_NON_LITERAL_NULL_CONVERSION = YES;
				CLANG_WARN_OBJC_IMPLICIT_RETAIN_SELF = YES;
				CLANG_WARN_OBJC_LITERAL_CONVERSION = YES;
				CLANG_WARN_OBJC_ROOT_CLASS = YES_ERROR;
				CLANG_WARN_QUOTED_INCLUDE_IN_FRAMEWORK_HEADER = YES;
				CLANG_WARN_RANGE_LOOP_ANALYSIS = YES;
				CLANG_WARN_STRICT_PROTOTYPES = YES;
				CLANG_WARN_SUSPICIOUS_MOVE = YES;
				CLANG_WARN_UNGUARDED_AVAILABILITY = YES_AGGRESSIVE;
				CLANG_WARN_UNREACHABLE_CODE = YES;
				CLANG_WARN__DUPLICATE_METHOD_MATCH = YES;
				COPY_PHASE_STRIP = NO;
				DEBUG_INFORMATION_FORMAT = dwarf;
				ENABLE_STRICT_OBJC_MSGSEND = YES;
				ENABLE_TESTABILITY = YES;
				GCC_C_LANGUAGE_STANDARD = gnu11;
				GCC_DYNAMIC_NO_PIC = NO;
				GCC_NO_COMMON_BLOCKS = YES;
				GCC_OPTIMIZATION_LEVEL = 0;
				GCC_PREPROCESSOR_DEFINITIONS = (
					"DEBUG=1",
					"$(inherited)",
				);
				GCC_WARN_64_TO_32_BIT_CONVERSION = YES;
				GCC_WARN_ABOUT_RETURN_TYPE = YES_ERROR;
				GCC_WARN_UNDECLARED_SELECTOR = YES;
				GCC_WARN_UNINITIALIZED_AUTOS = YES_AGGRESSIVE;
				GCC_WARN_UNUSED_FUNCTION = YES;
				GCC_WARN_UNUSED_VARIABLE = YES;
				IPHONEOS_DEPLOYMENT_TARGET = 15.0;
				MTL_ENABLE_DEBUG_INFO = INCLUDE_SOURCE;
				MTL_FAST_MATH = YES;
				ONLY_ACTIVE_ARCH = YES;
				SDKROOT = iphoneos;
				SWIFT_ACTIVE_COMPILATION_CONDITIONS = DEBUG;
				SWIFT_OPTIMIZATION_LEVEL = "-Onone";
			};
			name = Debug;
		};
		C6CA84262768C290004640F3 /* Release */ = {
			isa = XCBuildConfiguration;
			buildSettings = {
				ALWAYS_SEARCH_USER_PATHS = NO;
				CLANG_ANALYZER_NONNULL = YES;
				CLANG_ANALYZER_NUMBER_OBJECT_CONVERSION = YES_AGGRESSIVE;
				CLANG_CXX_LANGUAGE_STANDARD = "gnu++17";
				CLANG_CXX_LIBRARY = "libc++";
				CLANG_ENABLE_MODULES = YES;
				CLANG_ENABLE_OBJC_ARC = YES;
				CLANG_ENABLE_OBJC_WEAK = YES;
				CLANG_WARN_BLOCK_CAPTURE_AUTORELEASING = YES;
				CLANG_WARN_BOOL_CONVERSION = YES;
				CLANG_WARN_COMMA = YES;
				CLANG_WARN_CONSTANT_CONVERSION = YES;
				CLANG_WARN_DEPRECATED_OBJC_IMPLEMENTATIONS = YES;
				CLANG_WARN_DIRECT_OBJC_ISA_USAGE = YES_ERROR;
				CLANG_WARN_DOCUMENTATION_COMMENTS = YES;
				CLANG_WARN_EMPTY_BODY = YES;
				CLANG_WARN_ENUM_CONVERSION = YES;
				CLANG_WARN_INFINITE_RECURSION = YES;
				CLANG_WARN_INT_CONVERSION = YES;
				CLANG_WARN_NON_LITERAL_NULL_CONVERSION = YES;
				CLANG_WARN_OBJC_IMPLICIT_RETAIN_SELF = YES;
				CLANG_WARN_OBJC_LITERAL_CONVERSION = YES;
				CLANG_WARN_OBJC_ROOT_CLASS = YES_ERROR;
				CLANG_WARN_QUOTED_INCLUDE_IN_FRAMEWORK_HEADER = YES;
				CLANG_WARN_RANGE_LOOP_ANALYSIS = YES;
				CLANG_WARN_STRICT_PROTOTYPES = YES;
				CLANG_WARN_SUSPICIOUS_MOVE = YES;
				CLANG_WARN_UNGUARDED_AVAILABILITY = YES_AGGRESSIVE;
				CLANG_WARN_UNREACHABLE_CODE = YES;
				CLANG_WARN__DUPLICATE_METHOD_MATCH = YES;
				COPY_PHASE_STRIP = NO;
				DEBUG_INFORMATION_FORMAT = "dwarf-with-dsym";
				ENABLE_NS_ASSERTIONS = NO;
				ENABLE_STRICT_OBJC_MSGSEND = YES;
				GCC_C_LANGUAGE_STANDARD = gnu11;
				GCC_NO_COMMON_BLOCKS = YES;
				GCC_WARN_64_TO_32_BIT_CONVERSION = YES;
				GCC_WARN_ABOUT_RETURN_TYPE = YES_ERROR;
				GCC_WARN_UNDECLARED_SELECTOR = YES;
				GCC_WARN_UNINITIALIZED_AUTOS = YES_AGGRESSIVE;
				GCC_WARN_UNUSED_FUNCTION = YES;
				GCC_WARN_UNUSED_VARIABLE = YES;
				IPHONEOS_DEPLOYMENT_TARGET = 15.0;
				MTL_ENABLE_DEBUG_INFO = NO;
				MTL_FAST_MATH = YES;
				SDKROOT = iphoneos;
				SWIFT_COMPILATION_MODE = wholemodule;
				SWIFT_OPTIMIZATION_LEVEL = "-O";
				VALIDATE_PRODUCT = YES;
			};
			name = Release;
		};
		C6CA84282768C290004640F3 /* Debug */ = {
			isa = XCBuildConfiguration;
			baseConfigurationReference = C4ADACB469CFDEA986C6D86C /* Pods-ExPhotoSlider.debug.xcconfig */;
			buildSettings = {
				ASSETCATALOG_COMPILER_APPICON_NAME = AppIcon;
				ASSETCATALOG_COMPILER_GLOBAL_ACCENT_COLOR_NAME = AccentColor;
				CODE_SIGN_STYLE = Automatic;
				CURRENT_PROJECT_VERSION = 1;
				DEVELOPMENT_TEAM = V99UMBT63A;
				GENERATE_INFOPLIST_FILE = YES;
				INFOPLIST_FILE = ExPhotoSlider/Info.plist;
				INFOPLIST_KEY_UIApplicationSupportsIndirectInputEvents = YES;
				INFOPLIST_KEY_UILaunchStoryboardName = LaunchScreen;
				INFOPLIST_KEY_UISupportedInterfaceOrientations = "UIInterfaceOrientationPortrait UIInterfaceOrientationPortraitUpsideDown UIInterfaceOrientationLandscapeLeft UIInterfaceOrientationLandscapeRight";
				INFOPLIST_KEY_UISupportedInterfaceOrientations_iPad = "UIInterfaceOrientationPortrait UIInterfaceOrientationPortraitUpsideDown UIInterfaceOrientationLandscapeLeft UIInterfaceOrientationLandscapeRight";
				INFOPLIST_KEY_UISupportedInterfaceOrientations_iPhone = "UIInterfaceOrientationPortrait UIInterfaceOrientationLandscapeLeft UIInterfaceOrientationLandscapeRight";
				IPHONEOS_DEPLOYMENT_TARGET = 13.0;
				LD_RUNPATH_SEARCH_PATHS = (
					"$(inherited)",
					"@executable_path/Frameworks",
				);
				MARKETING_VERSION = 1.0;
				PRODUCT_BUNDLE_IDENTIFIER = com.ExPhotoSlider;
				PRODUCT_NAME = "$(TARGET_NAME)";
				SWIFT_EMIT_LOC_STRINGS = YES;
				SWIFT_VERSION = 5.0;
				TARGETED_DEVICE_FAMILY = "1,2";
			};
			name = Debug;
		};
		C6CA84292768C290004640F3 /* Release */ = {
			isa = XCBuildConfiguration;
			baseConfigurationReference = A3CD769AEFDBAB711099AFD8 /* Pods-ExPhotoSlider.release.xcconfig */;
			buildSettings = {
				ASSETCATALOG_COMPILER_APPICON_NAME = AppIcon;
				ASSETCATALOG_COMPILER_GLOBAL_ACCENT_COLOR_NAME = AccentColor;
				CODE_SIGN_STYLE = Automatic;
				CURRENT_PROJECT_VERSION = 1;
				DEVELOPMENT_TEAM = V99UMBT63A;
				GENERATE_INFOPLIST_FILE = YES;
				INFOPLIST_FILE = ExPhotoSlider/Info.plist;
				INFOPLIST_KEY_UIApplicationSupportsIndirectInputEvents = YES;
				INFOPLIST_KEY_UILaunchStoryboardName = LaunchScreen;
				INFOPLIST_KEY_UISupportedInterfaceOrientations = "UIInterfaceOrientationPortrait UIInterfaceOrientationPortraitUpsideDown UIInterfaceOrientationLandscapeLeft UIInterfaceOrientationLandscapeRight";
				INFOPLIST_KEY_UISupportedInterfaceOrientations_iPad = "UIInterfaceOrientationPortrait UIInterfaceOrientationPortraitUpsideDown UIInterfaceOrientationLandscapeLeft UIInterfaceOrientationLandscapeRight";
				INFOPLIST_KEY_UISupportedInterfaceOrientations_iPhone = "UIInterfaceOrientationPortrait UIInterfaceOrientationLandscapeLeft UIInterfaceOrientationLandscapeRight";
				IPHONEOS_DEPLOYMENT_TARGET = 13.0;
				LD_RUNPATH_SEARCH_PATHS = (
					"$(inherited)",
					"@executable_path/Frameworks",
				);
				MARKETING_VERSION = 1.0;
				PRODUCT_BUNDLE_IDENTIFIER = com.ExPhotoSlider;
				PRODUCT_NAME = "$(TARGET_NAME)";
				SWIFT_EMIT_LOC_STRINGS = YES;
				SWIFT_VERSION = 5.0;
				TARGETED_DEVICE_FAMILY = "1,2";
			};
			name = Release;
		};
/* End XCBuildConfiguration section */

/* Begin XCConfigurationList section */
		C6CA840E2768C28E004640F3 /* Build configuration list for PBXProject "ExPhotoSlider" */ = {
			isa = XCConfigurationList;
			buildConfigurations = (
				C6CA84252768C290004640F3 /* Debug */,
				C6CA84262768C290004640F3 /* Release */,
			);
			defaultConfigurationIsVisible = 0;
			defaultConfigurationName = Release;
		};
		C6CA84272768C290004640F3 /* Build configuration list for PBXNativeTarget "ExPhotoSlider" */ = {
			isa = XCConfigurationList;
			buildConfigurations = (
				C6CA84282768C290004640F3 /* Debug */,
				C6CA84292768C290004640F3 /* Release */,
			);
			defaultConfigurationIsVisible = 0;
			defaultConfigurationName = Release;
		};
/* End XCConfigurationList section */
	};
	rootObject = C6CA840B2768C28E004640F3 /* Project object */;
}
